
Microsoft Visual Studio Solution File, Format Version 12.00
# Visual Studio 2012
Project("{FAE04EC0-301F-11D3-BF4B-00C04F79EFBC}") = "Data", "Data\Data.csproj", "{26305819-6778-40AF-B5F2-7E9B61E64FE0}"
EndProject
Project("{FAE04EC0-301F-11D3-BF4B-00C04F79EFBC}") = "Measure", "Measure\Measure.csproj", "{0BF0205B-9712-42C8-8F82-E25E3304DF1E}"
EndProject
Project("{FAE04EC0-301F-11D3-BF4B-00C04F79EFBC}") = "Populate", "Populate\Populate.csproj", "{A8B7F26A-D4EA-48A0-B113-EAA463849A99}"
EndProject
Global
	GlobalSection(SolutionConfigurationPlatforms) = preSolution
		Debug|Any CPU = Debug|Any CPU
		Release|Any CPU = Release|Any CPU
	EndGlobalSection
	GlobalSection(ProjectConfigurationPlatforms) = postSolution
		{26305819-6778-40AF-B5F2-7E9B61E64FE0}.Debug|Any CPU.ActiveCfg = Debug|Any CPU
		{26305819-6778-40AF-B5F2-7E9B61E64FE0}.Debug|Any CPU.Build.0 = Debug|Any CPU
		{26305819-6778-40AF-B5F2-7E9B61E64FE0}.Release|Any CPU.ActiveCfg = Release|Any CPU
		{26305819-6778-40AF-B5F2-7E9B61E64FE0}.Release|Any CPU.Build.0 = Release|Any CPU
		{0BF0205B-9712-42C8-8F82-E25E3304DF1E}.Debug|Any CPU.ActiveCfg = Debug|Any CPU
		{0BF0205B-9712-42C8-8F82-E25E3304DF1E}.Debug|Any CPU.Build.0 = Debug|Any CPU
		{0BF0205B-9712-42C8-8F82-E25E3304DF1E}.Release|Any CPU.ActiveCfg = Release|Any CPU
		{0BF0205B-9712-42C8-8F82-E25E3304DF1E}.Release|Any CPU.Build.0 = Release|Any CPU
		{A8B7F26A-D4EA-48A0-B113-EAA463849A99}.Debug|Any CPU.ActiveCfg = Debug|Any CPU
		{A8B7F26A-D4EA-48A0-B113-EAA463849A99}.Debug|Any CPU.Build.0 = Debug|Any CPU
		{A8B7F26A-D4EA-48A0-B113-EAA463849A99}.Release|Any CPU.ActiveCfg = Release|Any CPU
		{A8B7F26A-D4EA-48A0-B113-EAA463849A99}.Release|Any CPU.Build.0 = Release|Any CPU
	EndGlobalSection
	GlobalSection(SolutionProperties) = preSolution
		HideSolutionNode = FALSE
	EndGlobalSection
EndGlobal
